Microsoft Visual Studio Solution File, Format Version 12.00
# Visual Studio Version 17
VisualStudioVersion = 17.1.32328.378
MinimumVisualStudioVersion = 10.0.40219.1
Project("{FAE04EC0-301F-11D3-BF4B-00C04F79EFBC}") = "XRMTokensRun", "XRMTokensRun\XRMTokensRun.csproj", "{731361BE-5619-4E95-A472-9C6F9B6ECB73}"
EndProject
Project("{D954291E-2A0B-460D-934E-DC6B0785DB48}") = "Rappen.XRM.Helpers", "Rappen.XTB.Helper\Rappen.XRM.Helpers\Rappen.XRM.Helpers.shproj", "{2EBF1257-150F-46C8-8BBD-2A9235C0EB45}"
EndProject
Project("{D954291E-2A0B-460D-934E-DC6B0785DB48}") = "Rappen.XTB.Helpers", "Rappen.XTB.Helper\Rappen.XTB.Helpers\Rappen.XTB.Helpers.shproj", "{0B88B381-EE9D-41E8-A62C-90152C42DE90}"
EndProject
Project("{D954291E-2A0B-460D-934E-DC6B0785DB48}") = "Rappen.XRM.Tokens", "Rappen.XTB.Helper\Rappen.XRM.Tokens\Rappen.XRM.Tokens.shproj", "{B721386D-0FDF-415F-975E-A4F8D60CD962}"
EndProject
Global
	GlobalSection(SolutionConfigurationPlatforms) = preSolution
		Debug|Any CPU = Debug|Any CPU
		Release|Any CPU = Release|Any CPU
	EndGlobalSection
	GlobalSection(ProjectConfigurationPlatforms) = postSolution
		{731361BE-5619-4E95-A472-9C6F9B6ECB73}.Debug|Any CPU.ActiveCfg = Debug|Any CPU
		{731361BE-5619-4E95-A472-9C6F9B6ECB73}.Debug|Any CPU.Build.0 = Debug|Any CPU
		{731361BE-5619-4E95-A472-9C6F9B6ECB73}.Release|Any CPU.ActiveCfg = Release|Any CPU
		{731361BE-5619-4E95-A472-9C6F9B6ECB73}.Release|Any CPU.Build.0 = Release|Any CPU
	EndGlobalSection
	GlobalSection(SolutionProperties) = preSolution
		HideSolutionNode = FALSE
	EndGlobalSection
	GlobalSection(ExtensibilityGlobals) = postSolution
		SolutionGuid = {7F79F08B-8027-4C05-840D-812701497308}
	EndGlobalSection
	GlobalSection(SharedMSBuildProjectFiles) = preSolution
		Rappen.XTB.Helper\Rappen.XTB.Helpers\Rappen.XTB.Helpers.projitems*{0b88b381-ee9d-41e8-a62c-90152c42de90}*SharedItemsImports = 13
		Rappen.XTB.Helper\Rappen.XRM.Helpers\Rappen.XRM.Helpers.projitems*{2ebf1257-150f-46c8-8bbd-2a9235c0eb45}*SharedItemsImports = 13
		Rappen.XTB.Helper\Rappen.XRM.Helpers\Rappen.XRM.Helpers.projitems*{731361be-5619-4e95-a472-9c6f9b6ecb73}*SharedItemsImports = 4
		Rappen.XTB.Helper\Rappen.XRM.Tokens\Rappen.XRM.Tokens.projitems*{731361be-5619-4e95-a472-9c6f9b6ecb73}*SharedItemsImports = 4
		Rappen.XTB.Helper\Rappen.XTB.Helpers\Rappen.XTB.Helpers.projitems*{731361be-5619-4e95-a472-9c6f9b6ecb73}*SharedItemsImports = 4
		Rappen.XTB.Helper\Rappen.XRM.Tokens\Rappen.XRM.Tokens.projitems*{b721386d-0fdf-415f-975e-a4f8d60cd962}*SharedItemsImports = 13
	EndGlobalSection
EndGlobal
